Microsoft Visual Studio Solution File, Format Version 12.00
# Visual Studio Version 17
VisualStudioVersion = 17.0.31314.256
MinimumVisualStudioVersion = 10.0.40219.1
Project("{2150E333-8FDC-42A3-9474-1A3956D46DE8}") = "Flax", "Flax", "{4E1E0A9D-5F5F-4664-9A0B-888D389BE293}"
EndProject
Project("{8BC9CEB8-8B4A-11D0-8D11-00A0C91BC942}") = "Unreal_Importer", "Cache\Projects\Unreal_Importer.vcxproj", "{064C6DB8-5154-4809-9C9D-589A2DA2F83E}"
EndProject
Project("{8BC9CEB8-8B4A-11D0-8D11-00A0C91BC942}") = "Flax", "Cache\Projects\Flax.vcxproj", "{C0DE83B1-D50A-48C3-85ED-40CCBFFC2854}"
EndProject
Project("{FAE04EC0-301F-11D3-BF4B-00C04F79EFBC}") = "MaterialLab", "Source\MaterialLab.csproj", "{238FFC4E-36C7-4831-86BD-1871B02E82E0}"
EndProject
Project("{FAE04EC0-301F-11D3-BF4B-00C04F79EFBC}") = "Unreal_Importer.CSharp", "Source\Unreal_Importer.CSharp.csproj", "{45F6C466-5670-43F6-A8B1-3D4E4C4415D2}"
EndProject
Project("{FAE04EC0-301F-11D3-BF4B-00C04F79EFBC}") = "Unreal_ImporterEditor", "Source\Unreal_ImporterEditor.csproj", "{D2CC78C9-6F3C-4ADB-8C9B-D266814255D4}"
	ProjectSection(ProjectDependencies) = postProject
		{45F6C466-5670-43F6-A8B1-3D4E4C4415D2} = {45F6C466-5670-43F6-A8B1-3D4E4C4415D2}
		{238FFC4E-36C7-4831-86BD-1871B02E82E0} = {238FFC4E-36C7-4831-86BD-1871B02E82E0}
	EndProjectSection
EndProject
Project("{39E2626F-3545-4960-A6E8-258AD8476CE5}") = "Android", "Cache\Projects\Android.androidproj", "{9688E391-9A7D-415A-8603-97A650E49FA9}"
EndProject
Project("{FAE04EC0-301F-11D3-BF4B-00C04F79EFBC}") = "BuildScripts", "Cache\Projects\BuildScripts.csproj", "{202CECF7-943C-4017-8E57-6C5F84F0CA7C}"
EndProject
Global
	GlobalSection(SolutionConfigurationPlatforms) = preSolution
		Editor.Debug|Android_ARM64 = Editor.Debug|Android_ARM64
		Editor.Debug|Web = Editor.Debug|Web
		Editor.Debug|Win64 = Editor.Debug|Win64
		Editor.Development|Android_ARM64 = Editor.Development|Android_ARM64
		Editor.Development|Web = Editor.Development|Web
		Editor.Development|Win64 = Editor.Development|Win64
		Editor.Release|Android_ARM64 = Editor.Release|Android_ARM64
		Editor.Release|Web = Editor.Release|Web
		Editor.Release|Win64 = Editor.Release|Win64
		Game.Debug|Android_ARM64 = Game.Debug|Android_ARM64
		Game.Debug|Web = Game.Debug|Web
		Game.Debug|Win64 = Game.Debug|Win64
		Game.Development|Android_ARM64 = Game.Development|Android_ARM64
		Game.Development|Web = Game.Development|Web
		Game.Development|Win64 = Game.Development|Win64
		Game.Release|Android_ARM64 = Game.Release|Android_ARM64
		Game.Release|Web = Game.Release|Web
		Game.Release|Win64 = Game.Release|Win64
	EndGlobalSection
	GlobalSection(ProjectConfigurationPlatforms) = postSolution
		{064C6DB8-5154-4809-9C9D-589A2DA2F83E}.Editor.Debug|Android_ARM64.ActiveCfg = Editor.Windows.Debug|x64
		{064C6DB8-5154-4809-9C9D-589A2DA2F83E}.Editor.Debug|Web.ActiveCfg = Editor.Windows.Debug|x64
		{064C6DB8-5154-4809-9C9D-589A2DA2F83E}.Editor.Debug|Win64.ActiveCfg = Editor.Windows.Debug|x64
		{064C6DB8-5154-4809-9C9D-589A2DA2F83E}.Editor.Debug|Win64.Build.0 = Editor.Windows.Debug|x64
		{064C6DB8-5154-4809-9C9D-589A2DA2F83E}.Editor.Development|Android_ARM64.ActiveCfg = Editor.Windows.Development|x64
		{064C6DB8-5154-4809-9C9D-589A2DA2F83E}.Editor.Development|Web.ActiveCfg = Editor.Windows.Development|x64
		{064C6DB8-5154-4809-9C9D-589A2DA2F83E}.Editor.Development|Win64.ActiveCfg = Editor.Windows.Development|x64
		{064C6DB8-5154-4809-9C9D-589A2DA2F83E}.Editor.Development|Win64.Build.0 = Editor.Windows.Development|x64
		{064C6DB8-5154-4809-9C9D-589A2DA2F83E}.Editor.Release|Android_ARM64.ActiveCfg = Editor.Windows.Release|x64
		{064C6DB8-5154-4809-9C9D-589A2DA2F83E}.Editor.Release|Web.ActiveCfg = Editor.Windows.Release|x64
		{064C6DB8-5154-4809-9C9D-589A2DA2F83E}.Editor.Release|Win64.ActiveCfg = Editor.Windows.Release|x64
		{064C6DB8-5154-4809-9C9D-589A2DA2F83E}.Editor.Release|Win64.Build.0 = Editor.Windows.Release|x64
		{064C6DB8-5154-4809-9C9D-589A2DA2F83E}.Game.Debug|Android_ARM64.ActiveCfg = Game.Android.Debug|ARM64
		{064C6DB8-5154-4809-9C9D-589A2DA2F83E}.Game.Debug|Android_ARM64.Build.0 = Game.Android.Debug|ARM64
		{064C6DB8-5154-4809-9C9D-589A2DA2F83E}.Game.Debug|Web.ActiveCfg = Game.Web.Debug|Win32
		{064C6DB8-5154-4809-9C9D-589A2DA2F83E}.Game.Debug|Web.Build.0 = Game.Web.Debug|Win32
		{064C6DB8-5154-4809-9C9D-589A2DA2F83E}.Game.Debug|Win64.ActiveCfg = Game.Windows.Debug|x64
		{064C6DB8-5154-4809-9C9D-589A2DA2F83E}.Game.Debug|Win64.Build.0 = Game.Windows.Debug|x64
		{064C6DB8-5154-4809-9C9D-589A2DA2F83E}.Game.Development|Android_ARM64.ActiveCfg = Game.Android.Development|ARM64
		{064C6DB8-5154-4809-9C9D-589A2DA2F83E}.Game.Development|Android_ARM64.Build.0 = Game.Android.Development|ARM64
		{064C6DB8-5154-4809-9C9D-589A2DA2F83E}.Game.Development|Web.ActiveCfg = Game.Web.Development|Win32
		{064C6DB8-5154-4809-9C9D-589A2DA2F83E}.Game.Development|Web.Build.0 = Game.Web.Development|Win32
		{064C6DB8-5154-4809-9C9D-589A2DA2F83E}.Game.Development|Win64.ActiveCfg = Game.Windows.Development|x64
		{064C6DB8-5154-4809-9C9D-589A2DA2F83E}.Game.Development|Win64.Build.0 = Game.Windows.Development|x64
		{064C6DB8-5154-4809-9C9D-589A2DA2F83E}.Game.Release|Android_ARM64.ActiveCfg = Game.Android.Release|ARM64
		{064C6DB8-5154-4809-9C9D-589A2DA2F83E}.Game.Release|Android_ARM64.Build.0 = Game.Android.Release|ARM64
		{064C6DB8-5154-4809-9C9D-589A2DA2F83E}.Game.Release|Web.ActiveCfg = Game.Web.Release|Win32
		{064C6DB8-5154-4809-9C9D-589A2DA2F83E}.Game.Release|Web.Build.0 = Game.Web.Release|Win32
		{064C6DB8-5154-4809-9C9D-589A2DA2F83E}.Game.Release|Win64.ActiveCfg = Game.Windows.Release|x64
		{064C6DB8-5154-4809-9C9D-589A2DA2F83E}.Game.Release|Win64.Build.0 = Game.Windows.Release|x64
		{C0DE83B1-D50A-48C3-85ED-40CCBFFC2854}.Editor.Debug|Android_ARM64.ActiveCfg = Editor.Windows.Debug|x64
		{C0DE83B1-D50A-48C3-85ED-40CCBFFC2854}.Editor.Debug|Web.ActiveCfg = Editor.Windows.Debug|x64
		{C0DE83B1-D50A-48C3-85ED-40CCBFFC2854}.Editor.Debug|Win64.ActiveCfg = Editor.Windows.Debug|x64
		{C0DE83B1-D50A-48C3-85ED-40CCBFFC2854}.Editor.Development|Android_ARM64.ActiveCfg = Editor.Windows.Development|x64
		{C0DE83B1-D50A-48C3-85ED-40CCBFFC2854}.Editor.Development|Web.ActiveCfg = Editor.Windows.Development|x64
		{C0DE83B1-D50A-48C3-85ED-40CCBFFC2854}.Editor.Development|Win64.ActiveCfg = Editor.Windows.Development|x64
		{C0DE83B1-D50A-48C3-85ED-40CCBFFC2854}.Editor.Release|Android_ARM64.ActiveCfg = Editor.Windows.Release|x64
		{C0DE83B1-D50A-48C3-85ED-40CCBFFC2854}.Editor.Release|Web.ActiveCfg = Editor.Windows.Release|x64
		{C0DE83B1-D50A-48C3-85ED-40CCBFFC2854}.Editor.Release|Win64.ActiveCfg = Editor.Windows.Release|x64
		{C0DE83B1-D50A-48C3-85ED-40CCBFFC2854}.Game.Debug|Android_ARM64.ActiveCfg = Game.Android.Debug|ARM64
		{C0DE83B1-D50A-48C3-85ED-40CCBFFC2854}.Game.Debug|Web.ActiveCfg = Game.Web.Debug|Win32
		{C0DE83B1-D50A-48C3-85ED-40CCBFFC2854}.Game.Debug|Win64.ActiveCfg = Game.Windows.Debug|x64
		{C0DE83B1-D50A-48C3-85ED-40CCBFFC2854}.Game.Development|Android_ARM64.ActiveCfg = Game.Android.Development|ARM64
		{C0DE83B1-D50A-48C3-85ED-40CCBFFC2854}.Game.Development|Web.ActiveCfg = Game.Web.Development|Win32
		{C0DE83B1-D50A-48C3-85ED-40CCBFFC2854}.Game.Development|Win64.ActiveCfg = Game.Windows.Development|x64
		{C0DE83B1-D50A-48C3-85ED-40CCBFFC2854}.Game.Release|Android_ARM64.ActiveCfg = Game.Android.Release|ARM64
		{C0DE83B1-D50A-48C3-85ED-40CCBFFC2854}.Game.Release|Web.ActiveCfg = Game.Web.Release|Win32
		{C0DE83B1-D50A-48C3-85ED-40CCBFFC2854}.Game.Release|Win64.ActiveCfg = Game.Windows.Release|x64
		{238FFC4E-36C7-4831-86BD-1871B02E82E0}.Editor.Debug|Android_ARM64.ActiveCfg = Editor.Windows.Debug|x64
		{238FFC4E-36C7-4831-86BD-1871B02E82E0}.Editor.Debug|Web.ActiveCfg = Editor.Windows.Debug|x64
		{238FFC4E-36C7-4831-86BD-1871B02E82E0}.Editor.Debug|Win64.ActiveCfg = Editor.Windows.Debug|x64
		{238FFC4E-36C7-4831-86BD-1871B02E82E0}.Editor.Debug|Win64.Build.0 = Editor.Windows.Debug|x64
		{238FFC4E-36C7-4831-86BD-1871B02E82E0}.Editor.Development|Android_ARM64.ActiveCfg = Editor.Windows.Development|x64
		{238FFC4E-36C7-4831-86BD-1871B02E82E0}.Editor.Development|Web.ActiveCfg = Editor.Windows.Development|x64
		{238FFC4E-36C7-4831-86BD-1871B02E82E0}.Editor.Development|Win64.ActiveCfg = Editor.Windows.Development|x64
		{238FFC4E-36C7-4831-86BD-1871B02E82E0}.Editor.Development|Win64.Build.0 = Editor.Windows.Development|x64
		{238FFC4E-36C7-4831-86BD-1871B02E82E0}.Editor.Release|Android_ARM64.ActiveCfg = Editor.Windows.Release|x64
		{238FFC4E-36C7-4831-86BD-1871B02E82E0}.Editor.Release|Web.ActiveCfg = Editor.Windows.Release|x64
		{238FFC4E-36C7-4831-86BD-1871B02E82E0}.Editor.Release|Win64.ActiveCfg = Editor.Windows.Release|x64
		{238FFC4E-36C7-4831-86BD-1871B02E82E0}.Editor.Release|Win64.Build.0 = Editor.Windows.Release|x64
		{238FFC4E-36C7-4831-86BD-1871B02E82E0}.Game.Debug|Android_ARM64.ActiveCfg = Game.Android.Debug|ARM64
		{238FFC4E-36C7-4831-86BD-1871B02E82E0}.Game.Debug|Android_ARM64.Build.0 = Game.Android.Debug|ARM64
		{238FFC4E-36C7-4831-86BD-1871B02E82E0}.Game.Debug|Web.ActiveCfg = Game.Web.Debug|Win32
		{238FFC4E-36C7-4831-86BD-1871B02E82E0}.Game.Debug|Web.Build.0 = Game.Web.Debug|Win32
		{238FFC4E-36C7-4831-86BD-1871B02E82E0}.Game.Debug|Win64.ActiveCfg = Game.Windows.Debug|x64
		{238FFC4E-36C7-4831-86BD-1871B02E82E0}.Game.Debug|Win64.Build.0 = Game.Windows.Debug|x64
		{238FFC4E-36C7-4831-86BD-1871B02E82E0}.Game.Development|Android_ARM64.ActiveCfg = Game.Android.Development|ARM64
		{238FFC4E-36C7-4831-86BD-1871B02E82E0}.Game.Development|Android_ARM64.Build.0 = Game.Android.Development|ARM64
		{238FFC4E-36C7-4831-86BD-1871B02E82E0}.Game.Development|Web.ActiveCfg = Game.Web.Development|Win32
		{238FFC4E-36C7-4831-86BD-1871B02E82E0}.Game.Development|Web.Build.0 = Game.Web.Development|Win32
		{238FFC4E-36C7-4831-86BD-1871B02E82E0}.Game.Development|Win64.ActiveCfg = Game.Windows.Development|x64
		{238FFC4E-36C7-4831-86BD-1871B02E82E0}.Game.Development|Win64.Build.0 = Game.Windows.Development|x64
		{238FFC4E-36C7-4831-86BD-1871B02E82E0}.Game.Release|Android_ARM64.ActiveCfg = Game.Android.Release|ARM64
		{238FFC4E-36C7-4831-86BD-1871B02E82E0}.Game.Release|Android_ARM64.Build.0 = Game.Android.Release|ARM64
		{238FFC4E-36C7-4831-86BD-1871B02E82E0}.Game.Release|Web.ActiveCfg = Game.Web.Release|Win32
		{238FFC4E-36C7-4831-86BD-1871B02E82E0}.Game.Release|Web.Build.0 = Game.Web.Release|Win32
		{238FFC4E-36C7-4831-86BD-1871B02E82E0}.Game.Release|Win64.ActiveCfg = Game.Windows.Release|x64
		{238FFC4E-36C7-4831-86BD-1871B02E82E0}.Game.Release|Win64.Build.0 = Game.Windows.Release|x64
		{45F6C466-5670-43F6-A8B1-3D4E4C4415D2}.Editor.Debug|Android_ARM64.ActiveCfg = Editor.Windows.Debug|x64
		{45F6C466-5670-43F6-A8B1-3D4E4C4415D2}.Editor.Debug|Web.ActiveCfg = Editor.Windows.Debug|x64
		{45F6C466-5670-43F6-A8B1-3D4E4C4415D2}.Editor.Debug|Win64.ActiveCfg = Editor.Windows.Debug|x64
		{45F6C466-5670-43F6-A8B1-3D4E4C4415D2}.Editor.Debug|Win64.Build.0 = Editor.Windows.Debug|x64
		{45F6C466-5670-43F6-A8B1-3D4E4C4415D2}.Editor.Development|Android_ARM64.ActiveCfg = Editor.Windows.Development|x64
		{45F6C466-5670-43F6-A8B1-3D4E4C4415D2}.Editor.Development|Web.ActiveCfg = Editor.Windows.Development|x64
		{45F6C466-5670-43F6-A8B1-3D4E4C4415D2}.Editor.Development|Win64.ActiveCfg = Editor.Windows.Development|x64
		{45F6C466-5670-43F6-A8B1-3D4E4C4415D2}.Editor.Development|Win64.Build.0 = Editor.Windows.Development|x64
		{45F6C466-5670-43F6-A8B1-3D4E4C4415D2}.Editor.Release|Android_ARM64.ActiveCfg = Editor.Windows.Release|x64
		{45F6C466-5670-43F6-A8B1-3D4E4C4415D2}.Editor.Release|Web.ActiveCfg = Editor.Windows.Release|x64
		{45F6C466-5670-43F6-A8B1-3D4E4C4415D2}.Editor.Release|Win64.ActiveCfg = Editor.Windows.Release|x64
		{45F6C466-5670-43F6-A8B1-3D4E4C4415D2}.Editor.Release|Win64.Build.0 = Editor.Windows.Release|x64
		{45F6C466-5670-43F6-A8B1-3D4E4C4415D2}.Game.Debug|Android_ARM64.ActiveCfg = Game.Android.Debug|ARM64
		{45F6C466-5670-43F6-A8B1-3D4E4C4415D2}.Game.Debug|Android_ARM64.Build.0 = Game.Android.Debug|ARM64
		{45F6C466-5670-43F6-A8B1-3D4E4C4415D2}.Game.Debug|Web.ActiveCfg = Game.Web.Debug|Win32
		{45F6C466-5670-43F6-A8B1-3D4E4C4415D2}.Game.Debug|Web.Build.0 = Game.Web.Debug|Win32
		{45F6C466-5670-43F6-A8B1-3D4E4C4415D2}.Game.Debug|Win64.ActiveCfg = Game.Windows.Debug|x64
		{45F6C466-5670-43F6-A8B1-3D4E4C4415D2}.Game.Debug|Win64.Build.0 = Game.Windows.Debug|x64
		{45F6C466-5670-43F6-A8B1-3D4E4C4415D2}.Game.Development|Android_ARM64.ActiveCfg = Game.Android.Development|ARM64
		{45F6C466-5670-43F6-A8B1-3D4E4C4415D2}.Game.Development|Android_ARM64.Build.0 = Game.Android.Development|ARM64
		{45F6C466-5670-43F6-A8B1-3D4E4C4415D2}.Game.Development|Web.ActiveCfg = Game.Web.Development|Win32
		{45F6C466-5670-43F6-A8B1-3D4E4C4415D2}.Game.Development|Web.Build.0 = Game.Web.Development|Win32
		{45F6C466-5670-43F6-A8B1-3D4E4C4415D2}.Game.Development|Win64.ActiveCfg = Game.Windows.Development|x64
		{45F6C466-5670-43F6-A8B1-3D4E4C4415D2}.Game.Development|Win64.Build.0 = Game.Windows.Development|x64
		{45F6C466-5670-43F6-A8B1-3D4E4C4415D2}.Game.Release|Android_ARM64.ActiveCfg = Game.Android.Release|ARM64
		{45F6C466-5670-43F6-A8B1-3D4E4C4415D2}.Game.Release|Android_ARM64.Build.0 = Game.Android.Release|ARM64
		{45F6C466-5670-43F6-A8B1-3D4E4C4415D2}.Game.Release|Web.ActiveCfg = Game.Web.Release|Win32
		{45F6C466-5670-43F6-A8B1-3D4E4C4415D2}.Game.Release|Web.Build.0 = Game.Web.Release|Win32
		{45F6C466-5670-43F6-A8B1-3D4E4C4415D2}.Game.Release|Win64.ActiveCfg = Game.Windows.Release|x64
		{45F6C466-5670-43F6-A8B1-3D4E4C4415D2}.Game.Release|Win64.Build.0 = Game.Windows.Release|x64
		{D2CC78C9-6F3C-4ADB-8C9B-D266814255D4}.Editor.Debug|Android_ARM64.ActiveCfg = Editor.Windows.Debug|x64
		{D2CC78C9-6F3C-4ADB-8C9B-D266814255D4}.Editor.Debug|Web.ActiveCfg = Editor.Windows.Debug|x64
		{D2CC78C9-6F3C-4ADB-8C9B-D266814255D4}.Editor.Debug|Win64.ActiveCfg = Editor.Windows.Debug|x64
		{D2CC78C9-6F3C-4ADB-8C9B-D266814255D4}.Editor.Debug|Win64.Build.0 = Editor.Windows.Debug|x64
		{D2CC78C9-6F3C-4ADB-8C9B-D266814255D4}.Editor.Development|Android_ARM64.ActiveCfg = Editor.Windows.Development|x64
		{D2CC78C9-6F3C-4ADB-8C9B-D266814255D4}.Editor.Development|Web.ActiveCfg = Editor.Windows.Development|x64
		{D2CC78C9-6F3C-4ADB-8C9B-D266814255D4}.Editor.Development|Win64.ActiveCfg = Editor.Windows.Development|x64
		{D2CC78C9-6F3C-4ADB-8C9B-D266814255D4}.Editor.Development|Win64.Build.0 = Editor.Windows.Development|x64
		{D2CC78C9-6F3C-4ADB-8C9B-D266814255D4}.Editor.Release|Android_ARM64.ActiveCfg = Editor.Windows.Release|x64
		{D2CC78C9-6F3C-4ADB-8C9B-D266814255D4}.Editor.Release|Web.ActiveCfg = Editor.Windows.Release|x64
		{D2CC78C9-6F3C-4ADB-8C9B-D266814255D4}.Editor.Release|Win64.ActiveCfg = Editor.Windows.Release|x64
		{D2CC78C9-6F3C-4ADB-8C9B-D266814255D4}.Editor.Release|Win64.Build.0 = Editor.Windows.Release|x64
		{D2CC78C9-6F3C-4ADB-8C9B-D266814255D4}.Game.Debug|Android_ARM64.ActiveCfg = Game.Android.Debug|ARM64
		{D2CC78C9-6F3C-4ADB-8C9B-D266814255D4}.Game.Debug|Android_ARM64.Build.0 = Game.Android.Debug|ARM64
		{D2CC78C9-6F3C-4ADB-8C9B-D266814255D4}.Game.Debug|Web.ActiveCfg = Game.Web.Debug|Win32
		{D2CC78C9-6F3C-4ADB-8C9B-D266814255D4}.Game.Debug|Web.Build.0 = Game.Web.Debug|Win32
		{D2CC78C9-6F3C-4ADB-8C9B-D266814255D4}.Game.Debug|Win64.ActiveCfg = Game.Windows.Debug|x64
		{D2CC78C9-6F3C-4ADB-8C9B-D266814255D4}.Game.Debug|Win64.Build.0 = Game.Windows.Debug|x64
		{D2CC78C9-6F3C-4ADB-8C9B-D266814255D4}.Game.Development|Android_ARM64.ActiveCfg = Game.Android.Development|ARM64
		{D2CC78C9-6F3C-4ADB-8C9B-D266814255D4}.Game.Development|Android_ARM64.Build.0 = Game.Android.Development|ARM64
		{D2CC78C9-6F3C-4ADB-8C9B-D266814255D4}.Game.Development|Web.ActiveCfg = Game.Web.Development|Win32
		{D2CC78C9-6F3C-4ADB-8C9B-D266814255D4}.Game.Development|Web.Build.0 = Game.Web.Development|Win32
		{D2CC78C9-6F3C-4ADB-8C9B-D266814255D4}.Game.Development|Win64.ActiveCfg = Game.Windows.Development|x64
		{D2CC78C9-6F3C-4ADB-8C9B-D266814255D4}.Game.Development|Win64.Build.0 = Game.Windows.Development|x64
		{D2CC78C9-6F3C-4ADB-8C9B-D266814255D4}.Game.Release|Android_ARM64.ActiveCfg = Game.Android.Release|ARM64
		{D2CC78C9-6F3C-4ADB-8C9B-D266814255D4}.Game.Release|Android_ARM64.Build.0 = Game.Android.Release|ARM64
		{D2CC78C9-6F3C-4ADB-8C9B-D266814255D4}.Game.Release|Web.ActiveCfg = Game.Web.Release|Win32
		{D2CC78C9-6F3C-4ADB-8C9B-D266814255D4}.Game.Release|Web.Build.0 = Game.Web.Release|Win32
		{D2CC78C9-6F3C-4ADB-8C9B-D266814255D4}.Game.Release|Win64.ActiveCfg = Game.Windows.Release|x64
		{D2CC78C9-6F3C-4ADB-8C9B-D266814255D4}.Game.Release|Win64.Build.0 = Game.Windows.Release|x64
		{9688E391-9A7D-415A-8603-97A650E49FA9}.Editor.Debug|Android_ARM64.ActiveCfg = Game.Android.Debug|ARM64
		{9688E391-9A7D-415A-8603-97A650E49FA9}.Editor.Debug|Web.ActiveCfg = Game.Android.Debug|ARM64
		{9688E391-9A7D-415A-8603-97A650E49FA9}.Editor.Debug|Win64.ActiveCfg = Game.Android.Debug|ARM64
		{9688E391-9A7D-415A-8603-97A650E49FA9}.Editor.Development|Android_ARM64.ActiveCfg = Game.Android.Debug|ARM64
		{9688E391-9A7D-415A-8603-97A650E49FA9}.Editor.Development|Web.ActiveCfg = Game.Android.Debug|ARM64
		{9688E391-9A7D-415A-8603-97A650E49FA9}.Editor.Development|Win64.ActiveCfg = Game.Android.Debug|ARM64
		{9688E391-9A7D-415A-8603-97A650E49FA9}.Editor.Release|Android_ARM64.ActiveCfg = Game.Android.Debug|ARM64
		{9688E391-9A7D-415A-8603-97A650E49FA9}.Editor.Release|Web.ActiveCfg = Game.Android.Debug|ARM64
		{9688E391-9A7D-415A-8603-97A650E49FA9}.Editor.Release|Win64.ActiveCfg = Game.Android.Debug|ARM64
		{9688E391-9A7D-415A-8603-97A650E49FA9}.Game.Debug|Android_ARM64.ActiveCfg = Game.Android.Debug|ARM64
		{9688E391-9A7D-415A-8603-97A650E49FA9}.Game.Debug|Web.ActiveCfg = Game.Android.Debug|ARM64
		{9688E391-9A7D-415A-8603-97A650E49FA9}.Game.Debug|Win64.ActiveCfg = Game.Android.Debug|ARM64
		{9688E391-9A7D-415A-8603-97A650E49FA9}.Game.Development|Android_ARM64.ActiveCfg = Game.Android.Development|ARM64
		{9688E391-9A7D-415A-8603-97A650E49FA9}.Game.Development|Web.ActiveCfg = Game.Android.Debug|ARM64
		{9688E391-9A7D-415A-8603-97A650E49FA9}.Game.Development|Win64.ActiveCfg = Game.Android.Debug|ARM64
		{9688E391-9A7D-415A-8603-97A650E49FA9}.Game.Release|Android_ARM64.ActiveCfg = Game.Android.Release|ARM64
		{9688E391-9A7D-415A-8603-97A650E49FA9}.Game.Release|Web.ActiveCfg = Game.Android.Debug|ARM64
		{9688E391-9A7D-415A-8603-97A650E49FA9}.Game.Release|Win64.ActiveCfg = Game.Android.Debug|ARM64
		{202CECF7-943C-4017-8E57-6C5F84F0CA7C}.Editor.Debug|Android_ARM64.ActiveCfg = Debug|Any CPU
		{202CECF7-943C-4017-8E57-6C5F84F0CA7C}.Editor.Debug|Web.ActiveCfg = Debug|Any CPU
		{202CECF7-943C-4017-8E57-6C5F84F0CA7C}.Editor.Debug|Win64.ActiveCfg = Debug|Any CPU
		{202CECF7-943C-4017-8E57-6C5F84F0CA7C}.Editor.Development|Android_ARM64.ActiveCfg = Debug|Any CPU
		{202CECF7-943C-4017-8E57-6C5F84F0CA7C}.Editor.Development|Web.ActiveCfg = Debug|Any CPU
		{202CECF7-943C-4017-8E57-6C5F84F0CA7C}.Editor.Development|Win64.ActiveCfg = Debug|Any CPU
		{202CECF7-943C-4017-8E57-6C5F84F0CA7C}.Editor.Release|Android_ARM64.ActiveCfg = Debug|Any CPU
		{202CECF7-943C-4017-8E57-6C5F84F0CA7C}.Editor.Release|Web.ActiveCfg = Debug|Any CPU
		{202CECF7-943C-4017-8E57-6C5F84F0CA7C}.Editor.Release|Win64.ActiveCfg = Debug|Any CPU
		{202CECF7-943C-4017-8E57-6C5F84F0CA7C}.Game.Debug|Android_ARM64.ActiveCfg = Debug|Any CPU
		{202CECF7-943C-4017-8E57-6C5F84F0CA7C}.Game.Debug|Web.ActiveCfg = Debug|Any CPU
		{202CECF7-943C-4017-8E57-6C5F84F0CA7C}.Game.Debug|Win64.ActiveCfg = Debug|Any CPU
		{202CECF7-943C-4017-8E57-6C5F84F0CA7C}.Game.Development|Android_ARM64.ActiveCfg = Debug|Any CPU
		{202CECF7-943C-4017-8E57-6C5F84F0CA7C}.Game.Development|Web.ActiveCfg = Debug|Any CPU
		{202CECF7-943C-4017-8E57-6C5F84F0CA7C}.Game.Development|Win64.ActiveCfg = Debug|Any CPU
		{202CECF7-943C-4017-8E57-6C5F84F0CA7C}.Game.Release|Android_ARM64.ActiveCfg = Debug|Any CPU
		{202CECF7-943C-4017-8E57-6C5F84F0CA7C}.Game.Release|Web.ActiveCfg = Debug|Any CPU
		{202CECF7-943C-4017-8E57-6C5F84F0CA7C}.Game.Release|Win64.ActiveCfg = Debug|Any CPU
	EndGlobalSection
	GlobalSection(SolutionProperties) = preSolution
		HideSolutionNode = FALSE
	EndGlobalSection
	GlobalSection(NestedProjects) = preSolution
		{C0DE83B1-D50A-48C3-85ED-40CCBFFC2854} = {4E1E0A9D-5F5F-4664-9A0B-888D389BE293}
	EndGlobalSection
	GlobalSection(ExtensibilityGlobals) = postSolution
		SolutionGuid = {23818B20-73E4-47A1-9F92-33C9A5FDB1A5}
	EndGlobalSection
EndGlobal
